version = 1
revision = 3
requires-python = ">=3.12"

[options]
exclude-newer = "0001-01-01T00:00:00Z" # This has no effect and is included for backwards compatibility when using relative exclude-newer values.
exclude-newer-span = "P7D"

[manifest]
requirements = [{ name = "cogapp", specifier = ">=3.6.0" }]

[[package]]
name = "cogapp"
version = "3.6.0"
source = { registry = "https://pypi.org/simple" }
sdist = { url = "https://files.pythonhosted.org/packages/64/ea/4ffa8095e0b675e9961cbdcad002c09d35d4ab76ff99d61a014e9e6bcd53/cogapp-3.6.0.tar.gz", hash = "sha256:ec2a9170bfa644bf0d91996fdb5576c13d7e5e848bb2378a6f92727b48f92604", size = 59742, upload-time = "2025-09-21T15:54:13.553Z" }
wheels = [
    { url = "https://files.pythonhosted.org/packages/05/1c/23b5110b7cb305f0fe3a5d6809d6804c1cb57d57b59516dbb5e24aaf95fc/cogapp-3.6.0-py3-none-any.whl", hash = "sha256:6ea11c63221f92978d37d8d76208eadeae2a6e4641d323f165738a5464a19d32", size = 30550, upload-time = "2025-09-21T15:54:12.205Z" },
]
